// !$*UTF8*$!
{
	archiveVersion = 1;
	classes = {
	};
	objectVersion = 46;
	objects = {

/* Begin PBXBuildFile section */
		012C66A5173A9F700098A148 /* UIKit.framework in Frameworks */ = {isa = PBXBuildFile; fileRef = 012C66A4173A9F700098A148 /* UIKit.framework */; };
		012C66A7173A9F700098A148 /* Foundation.framework in Frameworks */ = {isa = PBXBuildFile; fileRef = 012C66A6173A9F700098A148 /* Foundation.framework */; };
		012C66A9173A9F700098A148 /* CoreGraphics.framework in Frameworks */ = {isa = PBXBuildFile; fileRef = 012C66A8173A9F700098A148 /* CoreGraphics.framework */; };
		012C66AB173A9F700098A148 /* GLKit.framework in Frameworks */ = {isa = PBXBuildFile; fileRef = 012C66AA173A9F700098A148 /* GLKit.framework */; };
		012C66AD173A9F700098A148 /* OpenGLES.framework in Frameworks */ = {isa = PBXBuildFile; fileRef = 012C66AC173A9F700098A148 /* OpenGLES.framework */; };
		012C66B3173A9F700098A148 /* InfoPlist.strings in Resources */ = {isa = PBXBuildFile; fileRef = 012C66B1173A9F700098A148 /* InfoPlist.strings */; };
		012C66B5173A9F700098A148 /* main.m in Sources */ = {isa = PBXBuildFile; fileRef = 012C66B4173A9F700098A148 /* main.m */; };
		012C66B9173A9F700098A148 /* VIDAppDelegate.m in Sources */ = {isa = PBXBuildFile; fileRef = 012C66B8173A9F700098A148 /* VIDAppDelegate.m */; };
		012C66BB173A9F700098A148 /* Default.png in Resources */ = {isa = PBXBuildFile; fileRef = 012C66BA173A9F700098A148 /* Default.png */; };
		012C66BD173A9F700098A148 /* Default@2x.png in Resources */ = {isa = PBXBuildFile; fileRef = 012C66BC173A9F700098A148 /* Default@2x.png */; };
		012C66BF173A9F700098A148 /* Default-568h@2x.png in Resources */ = {isa = PBXBuildFile; fileRef = 012C66BE173A9F700098A148 /* Default-568h@2x.png */; };
		012C66C2173A9F700098A148 /* MainStoryboard_iPhone.storyboard in Resources */ = {isa = PBXBuildFile; fileRef = 012C66C0173A9F700098A148 /* MainStoryboard_iPhone.storyboard */; };
		012C66C5173A9F700098A148 /* MainStoryboard_iPad.storyboard in Resources */ = {isa = PBXBuildFile; fileRef = 012C66C3173A9F700098A148 /* MainStoryboard_iPad.storyboard */; };
		012C66CC173A9F700098A148 /* VIDViewController.m in Sources */ = {isa = PBXBuildFile; fileRef = 012C66CB173A9F700098A148 /* VIDViewController.m */; };
		012C66D4173A9F710098A148 /* SenTestingKit.framework in Frameworks */ = {isa = PBXBuildFile; fileRef = 012C66D3173A9F710098A148 /* SenTestingKit.framework */; };
		012C66D5173A9F710098A148 /* UIKit.framework in Frameworks */ = {isa = PBXBuildFile; fileRef = 012C66A4173A9F700098A148 /* UIKit.framework */; };
		012C66D6173A9F710098A148 /* Foundation.framework in Frameworks */ = {isa = PBXBuildFile; fileRef = 012C66A6173A9F700098A148 /* Foundation.framework */; };
		012C66DE173A9F710098A148 /* InfoPlist.strings in Resources */ = {isa = PBXBuildFile; fileRef = 012C66DC173A9F710098A148 /* InfoPlist.strings */; };
		012C66E1173A9F710098A148 /* Video360Tests.m in Sources */ = {isa = PBXBuildFile; fileRef = 012C66E0173A9F710098A148 /* Video360Tests.m */; };
		012C66EB17404C120098A148 /* AVFoundation.framework in Frameworks */ = {isa = PBXBuildFile; fileRef = 012C66EA17404C120098A148 /* AVFoundation.framework */; };
		012C66EE17404F590098A148 /* demo.mp4 in Resources */ = {isa = PBXBuildFile; fileRef = 012C66ED17404F590098A148 /* demo.mp4 */; };
		012C66F1174050B10098A148 /* MobileCoreServices.framework in Frameworks */ = {isa = PBXBuildFile; fileRef = 012C66EF174050810098A148 /* MobileCoreServices.framework */; };
		012C66F3174050B70098A148 /* CoreVideo.framework in Frameworks */ = {isa = PBXBuildFile; fileRef = 012C66F2174050B70098A148 /* CoreVideo.framework */; };
		012C66F5174050BC0098A148 /* CoreMedia.framework in Frameworks */ = {isa = PBXBuildFile; fileRef = 012C66F4174050BC0098A148 /* CoreMedia.framework */; };
/* End PBXBuildFile section */

/* Begin PBXContainerItemProxy section */
		012C66D7173A9F710098A148 /* PBXContainerItemProxy */ = {
			isa = PBXContainerItemProxy;
			containerPortal = 012C6699173A9F700098A148 /* Project object */;
			proxyType = 1;
			remoteGlobalIDString = 012C66A0173A9F700098A148;
			remoteInfo = Video360;
		};
/* End PBXContainerItemProxy section */

/* Begin PBXFileReference section */
		012C66A1173A9F700098A148 /* Video360.app */ = {isa = PBXFileReference; explicitFileType = wrapper.application; includeInIndex = 0; path = Video360.app; sourceTree = BUILT_PRODUCTS_DIR; };
		012C66A4173A9F700098A148 /* UIKit.framework */ = {isa = PBXFileReference; lastKnownFileType = wrapper.framework; name = UIKit.framework; path = System/Library/Frameworks/UIKit.framework; sourceTree = SDKROOT; };
		012C66A6173A9F700098A148 /* Foundation.framework */ = {isa = PBXFileReference; lastKnownFileType = wrapper.framework; name = Foundation.framework; path = System/Library/Frameworks/Foundation.framework; sourceTree = SDKROOT; };
		012C66A8173A9F700098A148 /* CoreGraphics.framework */ = {isa = PBXFileReference; lastKnownFileType = wrapper.framework; name = CoreGraphics.framework; path = System/Library/Frameworks/CoreGraphics.framework; sourceTree = SDKROOT; };
		012C66AA173A9F700098A148 /* GLKit.framework */ = {isa = PBXFileReference; lastKnownFileType = wrapper.framework; name = GLKit.framework; path = System/Library/Frameworks/GLKit.framework; sourceTree = SDKROOT; };
		012C66AC173A9F700098A148 /* OpenGLES.framework */ = {isa = PBXFileReference; lastKnownFileType = wrapper.framework; name = OpenGLES.framework; path = System/Library/Frameworks/OpenGLES.framework; sourceTree = SDKROOT; };
		012C66B0173A9F700098A148 /* Video360-Info.plist */ = {isa = PBXFileReference; lastKnownFileType = text.plist.xml; path = "Video360-Info.plist"; sourceTree = "<group>"; };
		012C66B2173A9F700098A148 /* en */ = {isa = PBXFileReference; lastKnownFileType = text.plist.strings; name = en; path = en.lproj/InfoPlist.strings; sourceTree = "<group>"; };
		012C66B4173A9F700098A148 /* main.m */ = {isa = PBXFileReference; lastKnownFileType = sourcecode.c.objc; path = main.m; sourceTree = "<group>"; };
		012C66B6173A9F700098A148 /* Video360-Prefix.pch */ = {isa = PBXFileReference; lastKnownFileType = sourcecode.c.h; path = "Video360-Prefix.pch"; sourceTree = "<group>"; };
		012C66B7173A9F700098A148 /* VIDAppDelegate.h */ = {isa = PBXFileReference; lastKnownFileType = sourcecode.c.h; path = VIDAppDelegate.h; sourceTree = "<group>"; };
		012C66B8173A9F700098A148 /* VIDAppDelegate.m */ = {isa = PBXFileReference; lastKnownFileType = sourcecode.c.objc; path = VIDAppDelegate.m; sourceTree = "<group>"; };
		012C66BA173A9F700098A148 /* Default.png */ = {isa = PBXFileReference; lastKnownFileType = image.png; path = Default.png; sourceTree = "<group>"; };
		012C66BC173A9F700098A148 /* Default@2x.png */ = {isa = PBXFileReference; lastKnownFileType = image.png; path = "Default@2x.png"; sourceTree = "<group>"; };
		012C66BE173A9F700098A148 /* Default-568h@2x.png */ = {isa = PBXFileReference; lastKnownFileType = image.png; path = "Default-568h@2x.png"; sourceTree = "<group>"; };
		012C66C1173A9F700098A148 /* en */ = {isa = PBXFileReference; lastKnownFileType = file.storyboard; name = en; path = en.lproj/MainStoryboard_iPhone.storyboard; sourceTree = "<group>"; };
		012C66C4173A9F700098A148 /* en */ = {isa = PBXFileReference; lastKnownFileType = file.storyboard; name = en; path = en.lproj/MainStoryboard_iPad.storyboard; sourceTree = "<group>"; };
		012C66CA173A9F700098A148 /* VIDViewController.h */ = {isa = PBXFileReference; lastKnownFileType = sourcecode.c.h; path = VIDViewController.h; sourceTree = "<group>"; };
		012C66CB173A9F700098A148 /* VIDViewController.m */ = {isa = PBXFileReference; lastKnownFileType = sourcecode.c.objc; path = VIDViewController.m; sourceTree = "<group>"; };
		012C66D2173A9F710098A148 /* Video360Tests.octest */ = {isa = PBXFileReference; explicitFileType = wrapper.cfbundle; includeInIndex = 0; path = Video360Tests.octest; sourceTree = BUILT_PRODUCTS_DIR; };
		012C66D3173A9F710098A148 /* SenTestingKit.framework */ = {isa = PBXFileReference; lastKnownFileType = wrapper.framework; name = SenTestingKit.framework; path = Library/Frameworks/SenTestingKit.framework; sourceTree = DEVELOPER_DIR; };
		012C66DB173A9F710098A148 /* Video360Tests-Info.plist */ = {isa = PBXFileReference; lastKnownFileType = text.plist.xml; path = "Video360Tests-Info.plist"; sourceTree = "<group>"; };
		012C66DD173A9F710098A148 /* en */ = {isa = PBXFileReference; lastKnownFileType = text.plist.strings; name = en; path = en.lproj/InfoPlist.strings; sourceTree = "<group>"; };
		012C66DF173A9F710098A148 /* Video360Tests.h */ = {isa = PBXFileReference; lastKnownFileType = sourcecode.c.h; path = Video360Tests.h; sourceTree = "<group>"; };
		012C66E0173A9F710098A148 /* Video360Tests.m */ = {isa = PBXFileReference; lastKnownFileType = sourcecode.c.objc; path = Video360Tests.m; sourceTree = "<group>"; };
		012C66EA17404C120098A148 /* AVFoundation.framework */ = {isa = PBXFileReference; lastKnownFileType = wrapper.framework; name = AVFoundation.framework; path = System/Library/Frameworks/AVFoundation.framework; sourceTree = SDKROOT; };
		012C66ED17404F590098A148 /* demo.mp4 */ = {isa = PBXFileReference; lastKnownFileType = file; path = demo.mp4; sourceTree = "<group>"; };
		012C66EF174050810098A148 /* MobileCoreServices.framework */ = {isa = PBXFileReference; lastKnownFileType = wrapper.framework; name = MobileCoreServices.framework; path = System/Library/Frameworks/MobileCoreServices.framework; sourceTree = SDKROOT; };
		012C66F2174050B70098A148 /* CoreVideo.framework */ = {isa = PBXFileReference; lastKnownFileType = wrapper.framework; name = CoreVideo.framework; path = System/Library/Frameworks/CoreVideo.framework; sourceTree = SDKROOT; };
		012C66F4174050BC0098A148 /* CoreMedia.framework */ = {isa = PBXFileReference; lastKnownFileType = wrapper.framework; name = CoreMedia.framework; path = System/Library/Frameworks/CoreMedia.framework; sourceTree = SDKROOT; };
/* End PBXFileReference section */

/* Begin PBXFrameworksBuildPhase section */
		012C669E173A9F700098A148 /* Frameworks */ = {
			isa = PBXFrameworksBuildPhase;
			buildActionMask = 2147483647;
			files = (
				012C66F5174050BC0098A148 /* CoreMedia.framework in Frameworks */,
				012C66F3174050B70098A148 /* CoreVideo.framework in Frameworks */,
				012C66F1174050B10098A148 /* MobileCoreServices.framework in Frameworks */,
				012C66EB17404C120098A148 /* AVFoundation.framework in Frameworks */,
				012C66A5173A9F700098A148 /* UIKit.framework in Frameworks */,
				012C66A7173A9F700098A148 /* Foundation.framework in Frameworks */,
				012C66A9173A9F700098A148 /* CoreGraphics.framework in Frameworks */,
				012C66AB173A9F700098A148 /* GLKit.framework in Frameworks */,
				012C66AD173A9F700098A148 /* OpenGLES.framework in Frameworks */,
			);
			runOnlyForDeploymentPostprocessing = 0;
		};
		012C66CE173A9F710098A148 /* Frameworks */ = {
			isa = PBXFrameworksBuildPhase;
			buildActionMask = 2147483647;
			files = (
				012C66D4173A9F710098A148 /* SenTestingKit.framework in Frameworks */,
				012C66D5173A9F710098A148 /* UIKit.framework in Frameworks */,
				012C66D6173A9F710098A148 /* Foundation.framework in Frameworks */,
			);
			runOnlyForDeploymentPostprocessing = 0;
		};
/* End PBXFrameworksBuildPhase section */

/* Begin PBXGroup section */
		012C6698173A9F700098A148 = {
			isa = PBXGroup;
			children = (
				012C66F4174050BC0098A148 /* CoreMedia.framework */,
				012C66F2174050B70098A148 /* CoreVideo.framework */,
				012C66EF174050810098A148 /* MobileCoreServices.framework */,
				012C66EA17404C120098A148 /* AVFoundation.framework */,
				012C66AE173A9F700098A148 /* Video360 */,
				012C66D9173A9F710098A148 /* Video360Tests */,
				012C66A3173A9F700098A148 /* Frameworks */,
				012C66A2173A9F700098A148 /* Products */,
			);
			sourceTree = "<group>";
		};
		012C66A2173A9F700098A148 /* Products */ = {
			isa = PBXGroup;
			children = (
				012C66A1173A9F700098A148 /* Video360.app */,
				012C66D2173A9F710098A148 /* Video360Tests.octest */,
			);
			name = Products;
			sourceTree = "<group>";
		};
		012C66A3173A9F700098A148 /* Frameworks */ = {
			isa = PBXGroup;
			children = (
				012C66A4173A9F700098A148 /* UIKit.framework */,
				012C66A6173A9F700098A148 /* Foundation.framework */,
				012C66A8173A9F700098A148 /* CoreGraphics.framework */,
				012C66AA173A9F700098A148 /* GLKit.framework */,
				012C66AC173A9F700098A148 /* OpenGLES.framework */,
				012C66D3173A9F710098A148 /* SenTestingKit.framework */,
			);
			name = Frameworks;
			sourceTree = "<group>";
		};
		012C66AE173A9F700098A148 /* Video360 */ = {
			isa = PBXGroup;
			children = (
				012C66B7173A9F700098A148 /* VIDAppDelegate.h */,
				012C66B8173A9F700098A148 /* VIDAppDelegate.m */,
				012C66C0173A9F700098A148 /* MainStoryboard_iPhone.storyboard */,
				012C66C3173A9F700098A148 /* MainStoryboard_iPad.storyboard */,
				012C66CA173A9F700098A148 /* VIDViewController.h */,
				012C66CB173A9F700098A148 /* VIDViewController.m */,
				012C66EC17404F590098A148 /* Resources */,
				012C66AF173A9F700098A148 /* Supporting Files */,
			);
			path = Video360;
			sourceTree = "<group>";
		};
		012C66AF173A9F700098A148 /* Supporting Files */ = {
			isa = PBXGroup;
			children = (
				012C66B0173A9F700098A148 /* Video360-Info.plist */,
				012C66B1173A9F700098A148 /* InfoPlist.strings */,
				012C66B4173A9F700098A148 /* main.m */,
				012C66B6173A9F700098A148 /* Video360-Prefix.pch */,
				012C66BA173A9F700098A148 /* Default.png */,
				012C66BC173A9F700098A148 /* Default@2x.png */,
				012C66BE173A9F700098A148 /* Default-568h@2x.png */,
			);
			name = "Supporting Files";
			sourceTree = "<group>";
		};
		012C66D9173A9F710098A148 /* Video360Tests */ = {
			isa = PBXGroup;
			children = (
				012C66DF173A9F710098A148 /* Video360Tests.h */,
				012C66E0173A9F710098A148 /* Video360Tests.m */,
				012C66DA173A9F710098A148 /* Supporting Files */,
			);
			path = Video360Tests;
			sourceTree = "<group>";
		};
		012C66DA173A9F710098A148 /* Supporting Files */ = {
			isa = PBXGroup;
			children = (
				012C66DB173A9F710098A148 /* Video360Tests-Info.plist */,
				012C66DC173A9F710098A148 /* InfoPlist.strings */,
			);
			name = "Supporting Files";
			sourceTree = "<group>";
		};
		012C66EC17404F590098A148 /* Resources */ = {
			isa = PBXGroup;
			children = (
				012C66ED17404F590098A148 /* demo.mp4 */,
			);
			path = Resources;
			sourceTree = "<group>";
		};
/* End PBXGroup section */

/* Begin PBXNativeTarget section */
		012C66A0173A9F700098A148 /* Video360 */ = {
			isa = PBXNativeTarget;
			buildConfigurationList = 012C66E4173A9F710098A148 /* Build configuration list for PBXNativeTarget "Video360" */;
			buildPhases = (
				012C669D173A9F700098A148 /* Sources */,
				012C669E173A9F700098A148 /* Frameworks */,
				012C669F173A9F700098A148 /* Resources */,
			);
			buildRules = (
			);
			dependencies = (
			);
			name = Video360;
			productName = Video360;
			productReference = 012C66A1173A9F700098A148 /* Video360.app */;
			productType = "com.apple.product-type.application";
		};
		012C66D1173A9F710098A148 /* Video360Tests */ = {
			isa = PBXNativeTarget;
			buildConfigurationList = 012C66E7173A9F710098A148 /* Build configuration list for PBXNativeTarget "Video360Tests" */;
			buildPhases = (
				012C66CD173A9F710098A148 /* Sources */,
				012C66CE173A9F710098A148 /* Frameworks */,
				012C66CF173A9F710098A148 /* Resources */,
				012C66D0173A9F710098A148 /* ShellScript */,
			);
			buildRules = (
			);
			dependencies = (
				012C66D8173A9F710098A148 /* PBXTargetDependency */,
			);
			name = Video360Tests;
			productName = Video360Tests;
			productReference = 012C66D2173A9F710098A148 /* Video360Tests.octest */;
			productType = "com.apple.product-type.bundle";
		};
/* End PBXNativeTarget section */

/* Begin PBXProject section */
		012C6699173A9F700098A148 /* Project object */ = {
			isa = PBXProject;
			attributes = {
				CLASSPREFIX = VID;
				LastUpgradeCheck = 0460;
				ORGANIZATIONNAME = "Video360 Developper";
			};
			buildConfigurationList = 012C669C173A9F700098A148 /* Build configuration list for PBXProject "Video360" */;
			compatibilityVersion = "Xcode 3.2";
			developmentRegion = English;
			hasScannedForEncodings = 0;
			knownRegions = (
				en,
			);
			mainGroup = 012C6698173A9F700098A148;
			productRefGroup = 012C66A2173A9F700098A148 /* Products */;
			projectDirPath = "";
			projectRoot = "";
			targets = (
				012C66A0173A9F700098A148 /* Video360 */,
				012C66D1173A9F710098A148 /* Video360Tests */,
			);
		};
/* End PBXProject section */

/* Begin PBXResourcesBuildPhase section */
		012C669F173A9F700098A148 /* Resources */ = {
			isa = PBXResourcesBuildPhase;
			buildActionMask = 2147483647;
			files = (
				012C66B3173A9F700098A148 /* InfoPlist.strings in Resources */,
				012C66BB173A9F700098A148 /* Default.png in Resources */,
				012C66BD173A9F700098A148 /* Default@2x.png in Resources */,
				012C66BF173A9F700098A148 /* Default-568h@2x.png in Resources */,
				012C66C2173A9F700098A148 /* MainStoryboard_iPhone.storyboard in Resources */,
				012C66C5173A9F700098A148 /* MainStoryboard_iPad.storyboard in Resources */,
				012C66EE17404F590098A148 /* demo.mp4 in Resources */,
			);
			runOnlyForDeploymentPostprocessing = 0;
		};
		012C66CF173A9F710098A148 /* Resources */ = {
			isa = PBXResourcesBuildPhase;
			buildActionMask = 2147483647;
			files = (
				012C66DE173A9F710098A148 /* InfoPlist.strings in Resources */,
			);
			runOnlyForDeploymentPostprocessing = 0;
		};
/* End PBXResourcesBuildPhase section */

/* Begin PBXShellScriptBuildPhase section */
		012C66D0173A9F710098A148 /* ShellScript */ = {
			isa = PBXShellScriptBuildPhase;
			buildActionMask = 2147483647;
			files = (
			);
			inputPaths = (
			);
			outputPaths = (
			);
			runOnlyForDeploymentPostprocessing = 0;
			shellPath = /bin/sh;
			shellScript = "# Run the unit tests in this test bundle.\n\"${SYSTEM_DEVELOPER_DIR}/Tools/RunUnitTests\"\n";
		};
/* End PBXShellScriptBuildPhase section */

/* Begin PBXSourcesBuildPhase section */
		012C669D173A9F700098A148 /* Sources */ = {
			isa = PBXSourcesBuildPhase;
			buildActionMask = 2147483647;
			files = (
				012C66B5173A9F700098A148 /* main.m in Sources */,
				012C66B9173A9F700098A148 /* VIDAppDelegate.m in Sources */,
				012C66CC173A9F700098A148 /* VIDViewController.m in Sources */,
			);
			runOnlyForDeploymentPostprocessing = 0;
		};
		012C66CD173A9F710098A148 /* Sources */ = {
			isa = PBXSourcesBuildPhase;
			buildActionMask = 2147483647;
			files = (
				012C66E1173A9F710098A148 /* Video360Tests.m in Sources */,
			);
			runOnlyForDeploymentPostprocessing = 0;
		};
/* End PBXSourcesBuildPhase section */

/* Begin PBXTargetDependency section */
		012C66D8173A9F710098A148 /* PBXTargetDependency */ = {
			isa = PBXTargetDependency;
			target = 012C66A0173A9F700098A148 /* Video360 */;
			targetProxy = 012C66D7173A9F710098A148 /* PBXContainerItemProxy */;
		};
/* End PBXTargetDependency section */

/* Begin PBXVariantGroup section */
		012C66B1173A9F700098A148 /* InfoPlist.strings */ = {
			isa = PBXVariantGroup;
			children = (
				012C66B2173A9F700098A148 /* en */,
			);
			name = InfoPlist.strings;
			sourceTree = "<group>";
		};
		012C66C0173A9F700098A148 /* MainStoryboard_iPhone.storyboard */ = {
			isa = PBXVariantGroup;
			children = (
				012C66C1173A9F700098A148 /* en */,
			);
			name = MainStoryboard_iPhone.storyboard;
			sourceTree = "<group>";
		};
		012C66C3173A9F700098A148 /* MainStoryboard_iPad.storyboard */ = {
			isa = PBXVariantGroup;
			children = (
				012C66C4173A9F700098A148 /* en */,
			);
			name = MainStoryboard_iPad.storyboard;
			sourceTree = "<group>";
		};
		012C66DC173A9F710098A148 /* InfoPlist.strings */ = {
			isa = PBXVariantGroup;
			children = (
				012C66DD173A9F710098A148 /* en */,
			);
			name = InfoPlist.strings;
			sourceTree = "<group>";
		};
/* End PBXVariantGroup section */

/* Begin XCBuildConfiguration section */
		012C66E2173A9F710098A148 /* Debug */ = {
			isa = XCBuildConfiguration;
			buildSettings = {
				ALWAYS_SEARCH_USER_PATHS = NO;
				CLANG_CXX_LANGUAGE_STANDARD = "gnu++0x";
				CLANG_CXX_LIBRARY = "libc++";
				CLANG_ENABLE_OBJC_ARC = YES;
				CLANG_WARN_CONSTANT_CONVERSION = YES;
				CLANG_WARN_EMPTY_BODY = YES;
				CLANG_WARN_ENUM_CONVERSION = YES;
				CLANG_WARN_INT_CONVERSION = YES;
				CLANG_WARN__DUPLICATE_METHOD_MATCH = YES;
				"CODE_SIGN_IDENTITY[sdk=iphoneos*]" = "iPhone Developer";
				COPY_PHASE_STRIP = NO;
				GCC_C_LANGUAGE_STANDARD = gnu99;
				GCC_DYNAMIC_NO_PIC = NO;
				GCC_OPTIMIZATION_LEVEL = 0;
				GCC_PREPROCESSOR_DEFINITIONS = (
					"DEBUG=1",
					"$(inherited)",
				);
				GCC_SYMBOLS_PRIVATE_EXTERN = NO;
				GCC_WARN_ABOUT_RETURN_TYPE = YES;
				GCC_WARN_UNINITIALIZED_AUTOS = YES;
				GCC_WARN_UNUSED_VARIABLE = YES;
				IPHONEOS_DEPLOYMENT_TARGET = 5.0;
				ONLY_ACTIVE_ARCH = YES;
				SDKROOT = iphoneos;
				TARGETED_DEVICE_FAMILY = "1,2";
			};
			name = Debug;
		};
		012C66E3173A9F710098A148 /* Release */ = {
			isa = XCBuildConfiguration;
			buildSettings = {
				ALWAYS_SEARCH_USER_PATHS = NO;
				CLANG_CXX_LANGUAGE_STANDARD = "gnu++0x";
				CLANG_CXX_LIBRARY = "libc++";
				CLANG_ENABLE_OBJC_ARC = YES;
				CLANG_WARN_CONSTANT_CONVERSION = YES;
				CLANG_WARN_EMPTY_BODY = YES;
				CLANG_WARN_ENUM_CONVERSION = YES;
				CLANG_WARN_INT_CONVERSION = YES;
				CLANG_WARN__DUPLICATE_METHOD_MATCH = YES;
				"CODE_SIGN_IDENTITY[sdk=iphoneos*]" = "iPhone Developer";
				COPY_PHASE_STRIP = YES;
				GCC_C_LANGUAGE_STANDARD = gnu99;
				GCC_WARN_ABOUT_RETURN_TYPE = YES;
				GCC_WARN_UNINITIALIZED_AUTOS = YES;
				GCC_WARN_UNUSED_VARIABLE = YES;
				IPHONEOS_DEPLOYMENT_TARGET = 5.0;
				OTHER_CFLAGS = "-DNS_BLOCK_ASSERTIONS=1";
				SDKROOT = iphoneos;
				TARGETED_DEVICE_FAMILY = "1,2";
				VALIDATE_PRODUCT = YES;
			};
			name = Release;
		};
		012C66E5173A9F710098A148 /* Debug */ = {
			isa = XCBuildConfiguration;
			buildSettings = {
				CODE_SIGN_IDENTITY = "iPhone Developer";
				GCC_PRECOMPILE_PREFIX_HEADER = YES;
				GCC_PREFIX_HEADER = "Video360/Video360-Prefix.pch";
				INFOPLIST_FILE = "Video360/Video360-Info.plist";
				IPHONEOS_DEPLOYMENT_TARGET = 5.0;
				PRODUCT_NAME = "$(TARGET_NAME)";
				PROVISIONING_PROFILE = "";
				WRAPPER_EXTENSION = app;
			};
			name = Debug;
		};
		012C66E6173A9F710098A148 /* Release */ = {
			isa = XCBuildConfiguration;
			buildSettings = {
				CODE_SIGN_IDENTITY = "iPhone Developer";
				GCC_PRECOMPILE_PREFIX_HEADER = YES;
				GCC_PREFIX_HEADER = "Video360/Video360-Prefix.pch";
				INFOPLIST_FILE = "Video360/Video360-Info.plist";
				IPHONEOS_DEPLOYMENT_TARGET = 5.0;
				PRODUCT_NAME = "$(TARGET_NAME)";
				PROVISIONING_PROFILE = "";
				WRAPPER_EXTENSION = app;
			};
			name = Release;
		};
		012C66E8173A9F710098A148 /* Debug */ = {
			isa = XCBuildConfiguration;
			buildSettings = {
				BUNDLE_LOADER = "$(BUILT_PRODUCTS_DIR)/Video360.app/Video360";
				FRAMEWORK_SEARCH_PATHS = (
					"\"$(SDKROOT)/Developer/Library/Frameworks\"",
					"\"$(DEVELOPER_LIBRARY_DIR)/Frameworks\"",
				);
				GCC_PRECOMPILE_PREFIX_HEADER = YES;
				GCC_PREFIX_HEADER = "Video360/Video360-Prefix.pch";
				INFOPLIST_FILE = "Video360Tests/Video360Tests-Info.plist";
				PRODUCT_NAME = "$(TARGET_NAME)";
				TEST_HOST = "$(BUNDLE_LOADER)";
				WRAPPER_EXTENSION = octest;
			};
			name = Debug;
		};
		012C66E9173A9F710098A148 /* Release */ = {
			isa = XCBuildConfiguration;
			buildSettings = {
				BUNDLE_LOADER = "$(BUILT_PRODUCTS_DIR)/Video360.app/Video360";
				FRAMEWORK_SEARCH_PATHS = (
					"\"$(SDKROOT)/Developer/Library/Frameworks\"",
					"\"$(DEVELOPER_LIBRARY_DIR)/Frameworks\"",
				);
				GCC_PRECOMPILE_PREFIX_HEADER = YES;
				GCC_PREFIX_HEADER = "Video360/Video360-Prefix.pch";
				INFOPLIST_FILE = "Video360Tests/Video360Tests-Info.plist";
				PRODUCT_NAME = "$(TARGET_NAME)";
				TEST_HOST = "$(BUNDLE_LOADER)";
				WRAPPER_EXTENSION = octest;
			};
			name = Release;
		};
/* End XCBuildConfiguration section */

/* Begin XCConfigurationList section */
		012C669C173A9F700098A148 /* Build configuration list for PBXProject "Video360" */ = {
			isa = XCConfigurationList;
			buildConfigurations = (
				012C66E2173A9F710098A148 /* Debug */,
				012C66E3173A9F710098A148 /* Release */,
			);
			defaultConfigurationIsVisible = 0;
			defaultConfigurationName = Release;
		};
		012C66E4173A9F710098A148 /* Build configuration list for PBXNativeTarget "Video360" */ = {
			isa = XCConfigurationList;
			buildConfigurations = (
				012C66E5173A9F710098A148 /* Debug */,
				012C66E6173A9F710098A148 /* Release */,
			);
			defaultConfigurationIsVisible = 0;
			defaultConfigurationName = Release;
		};
		012C66E7173A9F710098A148 /* Build configuration list for PBXNativeTarget "Video360Tests" */ = {
			isa = XCConfigurationList;
			buildConfigurations = (
				012C66E8173A9F710098A148 /* Debug */,
				012C66E9173A9F710098A148 /* Release */,
			);
			defaultConfigurationIsVisible = 0;
			defaultConfigurationName = Release;
		};
/* End XCConfigurationList section */
	};
	rootObject = 012C6699173A9F700098A148 /* Project object */;
}
